// !$*UTF8*$!
{
	archiveVersion = 1;
	classes = {
	};
	objectVersion = 46;
	objects = {

/* Begin PBXBuildFile section */
		E7C9B8E31CEED38F00A6A7D7 /* AppDelegate.swift in Sources */ = {isa = PBXBuildFile; fileRef = E7C9B8E21CEED38F00A6A7D7 /* AppDelegate.swift */; };
		E7C9B8E51CEED38F00A6A7D7 /* ViewController.swift in Sources */ = {isa = PBXBuildFile; fileRef = E7C9B8E41CEED38F00A6A7D7 /* ViewController.swift */; };
		E7C9B8E81CEED38F00A6A7D7 /* Main.storyboard in Resources */ = {isa = PBXBuildFile; fileRef = E7C9B8E61CEED38F00A6A7D7 /* Main.storyboard */; };
		E7C9B8EA1CEED38F00A6A7D7 /* Assets.xcassets in Resources */ = {isa = PBXBuildFile; fileRef = E7C9B8E91CEED38F00A6A7D7 /* Assets.xcassets */; };
		E7C9B8ED1CEED38F00A6A7D7 /* LaunchScreen.storyboard in Resources */ = {isa = PBXBuildFile; fileRef = E7C9B8EB1CEED38F00A6A7D7 /* LaunchScreen.storyboard */; };
		E7C9B8F81CEED39000A6A7D7 /* AnimateTestTests.swift in Sources */ = {isa = PBXBuildFile; fileRef = E7C9B8F71CEED39000A6A7D7 /* AnimateTestTests.swift */; };
		E7C9B9031CEED39000A6A7D7 /* AnimateTestUITests.swift in Sources */ = {isa = PBXBuildFile; fileRef = E7C9B9021CEED39000A6A7D7 /* AnimateTestUITests.swift */; };
/* End PBXBuildFile section */

/* Begin PBXContainerItemProxy section */
		E7C9B8F41CEED39000A6A7D7 /* PBXContainerItemProxy */ = {
			isa = PBXContainerItemProxy;
			containerPortal = E7C9B8D71CEED38F00A6A7D7 /* Project object */;
			proxyType = 1;
			remoteGlobalIDString = E7C9B8DE1CEED38F00A6A7D7;
			remoteInfo = AnimateTest;
		};
		E7C9B8FF1CEED39000A6A7D7 /* PBXContainerItemProxy */ = {
			isa = PBXContainerItemProxy;
			containerPortal = E7C9B8D71CEED38F00A6A7D7 /* Project object */;
			proxyType = 1;
			remoteGlobalIDString = E7C9B8DE1CEED38F00A6A7D7;
			remoteInfo = AnimateTest;
		};
/* End PBXContainerItemProxy section */

/* Begin PBXFileReference section */
		E7C9B8DF1CEED38F00A6A7D7 /* AnimateTest.app */ = {isa = PBXFileReference; explicitFileType = wrapper.application; includeInIndex = 0; path = AnimateTest.app; sourceTree = BUILT_PRODUCTS_DIR; };
		E7C9B8E21CEED38F00A6A7D7 /* AppDelegate.swift */ = {isa = PBXFileReference; lastKnownFileType = sourcecode.swift; path = AppDelegate.swift; sourceTree = "<group>"; };
		E7C9B8E41CEED38F00A6A7D7 /* ViewController.swift */ = {isa = PBXFileReference; lastKnownFileType = sourcecode.swift; path = ViewController.swift; sourceTree = "<group>"; };
		E7C9B8E71CEED38F00A6A7D7 /* Base */ = {isa = PBXFileReference; lastKnownFileType = file.storyboard; name = Base; path = Base.lproj/Main.storyboard; sourceTree = "<group>"; };
		E7C9B8E91CEED38F00A6A7D7 /* Assets.xcassets */ = {isa = PBXFileReference; lastKnownFileType = folder.assetcatalog; path = Assets.xcassets; sourceTree = "<group>"; };
		E7C9B8EC1CEED38F00A6A7D7 /* Base */ = {isa = PBXFileReference; lastKnownFileType = file.storyboard; name = Base; path = Base.lproj/LaunchScreen.storyboard; sourceTree = "<group>"; };
		E7C9B8EE1CEED38F00A6A7D7 /* Info.plist */ = {isa = PBXFileReference; lastKnownFileType = text.plist.xml; path = Info.plist; sourceTree = "<group>"; };
		E7C9B8F31CEED39000A6A7D7 /* AnimateTestTests.xctest */ = {isa = PBXFileReference; explicitFileType = wrapper.cfbundle; includeInIndex = 0; path = AnimateTestTests.xctest; sourceTree = BUILT_PRODUCTS_DIR; };
		E7C9B8F71CEED39000A6A7D7 /* AnimateTestTests.swift */ = {isa = PBXFileReference; lastKnownFileType = sourcecode.swift; path = AnimateTestTests.swift; sourceTree = "<group>"; };
		E7C9B8F91CEED39000A6A7D7 /* Info.plist */ = {isa = PBXFileReference; lastKnownFileType = text.plist.xml; path = Info.plist; sourceTree = "<group>"; };
		E7C9B8FE1CEED39000A6A7D7 /* AnimateTestUITests.xctest */ = {isa = PBXFileReference; explicitFileType = wrapper.cfbundle; includeInIndex = 0; path = AnimateTestUITests.xctest; sourceTree = BUILT_PRODUCTS_DIR; };
		E7C9B9021CEED39000A6A7D7 /* AnimateTestUITests.swift */ = {isa = PBXFileReference; lastKnownFileType = sourcecode.swift; path = AnimateTestUITests.swift; sourceTree = "<group>"; };
		E7C9B9041CEED39000A6A7D7 /* Info.plist */ = {isa = PBXFileReference; lastKnownFileType = text.plist.xml; path = Info.plist; sourceTree = "<group>"; };
/* End PBXFileReference section */

/* Begin PBXFrameworksBuildPhase section */
		E7C9B8DC1CEED38F00A6A7D7 /* Frameworks */ = {
			isa = PBXFrameworksBuildPhase;
			buildActionMask = 2147483647;
			files = (
			);
			runOnlyForDeploymentPostprocessing = 0;
		};
		E7C9B8F01CEED39000A6A7D7 /* Frameworks */ = {
			isa = PBXFrameworksBuildPhase;
			buildActionMask = 2147483647;
			files = (
			);
			runOnlyForDeploymentPostprocessing = 0;
		};
		E7C9B8FB1CEED39000A6A7D7 /* Frameworks */ = {
			isa = PBXFrameworksBuildPhase;
			buildActionMask = 2147483647;
			files = (
			);
			runOnlyForDeploymentPostprocessing = 0;
		};
/* End PBXFrameworksBuildPhase section */

/* Begin PBXGroup section */
		E7C9B8D61CEED38F00A6A7D7 = {
			isa = PBXGroup;
			children = (
				E7C9B8E11CEED38F00A6A7D7 /* AnimateTest */,
				E7C9B8F61CEED39000A6A7D7 /* AnimateTestTests */,
				E7C9B9011CEED39000A6A7D7 /* AnimateTestUITests */,
				E7C9B8E01CEED38F00A6A7D7 /* Products */,
			);
			sourceTree = "<group>";
		};
		E7C9B8E01CEED38F00A6A7D7 /* Products */ = {
			isa = PBXGroup;
			children = (
				E7C9B8DF1CEED38F00A6A7D7 /* AnimateTest.app */,
				E7C9B8F31CEED39000A6A7D7 /* AnimateTestTests.xctest */,
				E7C9B8FE1CEED39000A6A7D7 /* AnimateTestUITests.xctest */,
			);
			name = Products;
			sourceTree = "<group>";
		};
		E7C9B8E11CEED38F00A6A7D7 /* AnimateTest */ = {
			isa = PBXGroup;
			children = (
				E7C9B8E21CEED38F00A6A7D7 /* AppDelegate.swift */,
				E7C9B8E41CEED38F00A6A7D7 /* ViewController.swift */,
				E7C9B8E61CEED38F00A6A7D7 /* Main.storyboard */,
				E7C9B8E91CEED38F00A6A7D7 /* Assets.xcassets */,
				E7C9B8EB1CEED38F00A6A7D7 /* LaunchScreen.storyboard */,
				E7C9B8EE1CEED38F00A6A7D7 /* Info.plist */,
			);
			path = AnimateTest;
			sourceTree = "<group>";
		};
		E7C9B8F61CEED39000A6A7D7 /* AnimateTestTests */ = {
			isa = PBXGroup;
			children = (
				E7C9B8F71CEED39000A6A7D7 /* AnimateTestTests.swift */,
				E7C9B8F91CEED39000A6A7D7 /* Info.plist */,
			);
			path = AnimateTestTests;
			sourceTree = "<group>";
		};
		E7C9B9011CEED39000A6A7D7 /* AnimateTestUITests */ = {
			isa = PBXGroup;
			children = (
				E7C9B9021CEED39000A6A7D7 /* AnimateTestUITests.swift */,
				E7C9B9041CEED39000A6A7D7 /* Info.plist */,
			);
			path = AnimateTestUITests;
			sourceTree = "<group>";
		};
/* End PBXGroup section */

/* Begin PBXNativeTarget section */
		E7C9B8DE1CEED38F00A6A7D7 /* AnimateTest */ = {
			isa = PBXNativeTarget;
			buildConfigurationList = E7C9B9071CEED39000A6A7D7 /* Build configuration list for PBXNativeTarget "AnimateTest" */;
			buildPhases = (
				E7C9B8DB1CEED38F00A6A7D7 /* Sources */,
				E7C9B8DC1CEED38F00A6A7D7 /* Frameworks */,
				E7C9B8DD1CEED38F00A6A7D7 /* Resources */,
			);
			buildRules = (
			);
			dependencies = (
			);
			name = AnimateTest;
			productName = AnimateTest;
			productReference = E7C9B8DF1CEED38F00A6A7D7 /* AnimateTest.app */;
			productType = "com.apple.product-type.application";
		};
		E7C9B8F21CEED39000A6A7D7 /* AnimateTestTests */ = {
			isa = PBXNativeTarget;
			buildConfigurationList = E7C9B90A1CEED39000A6A7D7 /* Build configuration list for PBXNativeTarget "AnimateTestTests" */;
			buildPhases = (
				E7C9B8EF1CEED39000A6A7D7 /* Sources */,
				E7C9B8F01CEED39000A6A7D7 /* Frameworks */,
				E7C9B8F11CEED39000A6A7D7 /* Resources */,
			);
			buildRules = (
			);
			dependencies = (
				E7C9B8F51CEED39000A6A7D7 /* PBXTargetDependency */,
			);
			name = AnimateTestTests;
			productName = AnimateTestTests;
			productReference = E7C9B8F31CEED39000A6A7D7 /* AnimateTestTests.xctest */;
			productType = "com.apple.product-type.bundle.unit-test";
		};
		E7C9B8FD1CEED39000A6A7D7 /* AnimateTestUITests */ = {
			isa = PBXNativeTarget;
			buildConfigurationList = E7C9B90D1CEED39000A6A7D7 /* Build configuration list for PBXNativeTarget "AnimateTestUITests" */;
			buildPhases = (
				E7C9B8FA1CEED39000A6A7D7 /* Sources */,
				E7C9B8FB1CEED39000A6A7D7 /* Frameworks */,
				E7C9B8FC1CEED39000A6A7D7 /* Resources */,
			);
			buildRules = (
			);
			dependencies = (
				E7C9B9001CEED39000A6A7D7 /* PBXTargetDependency */,
			);
			name = AnimateTestUITests;
			productName = AnimateTestUITests;
			productReference = E7C9B8FE1CEED39000A6A7D7 /* AnimateTestUITests.xctest */;
			productType = "com.apple.product-type.bundle.ui-testing";
		};
/* End PBXNativeTarget section */

/* Begin PBXProject section */
		E7C9B8D71CEED38F00A6A7D7 /* Project object */ = {
			isa = PBXProject;
			attributes = {
				LastSwiftUpdateCheck = 0730;
				LastUpgradeCheck = 0730;
				ORGANIZATIONNAME = Fansize;
				TargetAttributes = {
					E7C9B8DE1CEED38F00A6A7D7 = {
						CreatedOnToolsVersion = 7.3.1;
					};
					E7C9B8F21CEED39000A6A7D7 = {
						CreatedOnToolsVersion = 7.3.1;
						TestTargetID = E7C9B8DE1CEED38F00A6A7D7;
					};
					E7C9B8FD1CEED39000A6A7D7 = {
						CreatedOnToolsVersion = 7.3.1;
						TestTargetID = E7C9B8DE1CEED38F00A6A7D7;
					};
				};
			};
			buildConfigurationList = E7C9B8DA1CEED38F00A6A7D7 /* Build configuration list for PBXProject "AnimateTest" */;
			compatibilityVersion = "Xcode 3.2";
			developmentRegion = English;
			hasScannedForEncodings = 0;
			knownRegions = (
				en,
				Base,
			);
			mainGroup = E7C9B8D61CEED38F00A6A7D7;
			productRefGroup = E7C9B8E01CEED38F00A6A7D7 /* Products */;
			projectDirPath = "";
			projectRoot = "";
			targets = (
				E7C9B8DE1CEED38F00A6A7D7 /* AnimateTest */,
				E7C9B8F21CEED39000A6A7D7 /* AnimateTestTests */,
				E7C9B8FD1CEED39000A6A7D7 /* AnimateTestUITests */,
			);
		};
/* End PBXProject section */

/* Begin PBXResourcesBuildPhase section */
		E7C9B8DD1CEED38F00A6A7D7 /* Resources */ = {
			isa = PBXResourcesBuildPhase;
			buildActionMask = 2147483647;
			files = (
				E7C9B8ED1CEED38F00A6A7D7 /* LaunchScreen.storyboard in Resources */,
				E7C9B8EA1CEED38F00A6A7D7 /* Assets.xcassets in Resources */,
				E7C9B8E81CEED38F00A6A7D7 /* Main.storyboard in Resources */,
			);
			runOnlyForDeploymentPostprocessing = 0;
		};
		E7C9B8F11CEED39000A6A7D7 /* Resources */ = {
			isa = PBXResourcesBuildPhase;
			buildActionMask = 2147483647;
			files = (
			);
			runOnlyForDeploymentPostprocessing = 0;
		};
		E7C9B8FC1CEED39000A6A7D7 /* Resources */ = {
			isa = PBXResourcesBuildPhase;
			buildActionMask = 2147483647;
			files = (
			);
			runOnlyForDeploymentPostprocessing = 0;
		};
/* End PBXResourcesBuildPhase section */

/* Begin PBXSourcesBuildPhase section */
		E7C9B8DB1CEED38F00A6A7D7 /* Sources */ = {
			isa = PBXSourcesBuildPhase;
			buildActionMask = 2147483647;
			files = (
				E7C9B8E51CEED38F00A6A7D7 /* ViewController.swift in Sources */,
				E7C9B8E31CEED38F00A6A7D7 /* AppDelegate.swift in Sources */,
			);
			runOnlyForDeploymentPostprocessing = 0;
		};
		E7C9B8EF1CEED39000A6A7D7 /* Sources */ = {
			isa = PBXSourcesBuildPhase;
			buildActionMask = 2147483647;
			files = (
				E7C9B8F81CEED39000A6A7D7 /* AnimateTestTests.swift in Sources */,
			);
			runOnlyForDeploymentPostprocessing = 0;
		};
		E7C9B8FA1CEED39000A6A7D7 /* Sources */ = {
			isa = PBXSourcesBuildPhase;
			buildActionMask = 2147483647;
			files = (
				E7C9B9031CEED39000A6A7D7 /* AnimateTestUITests.swift in Sources */,
			);
			runOnlyForDeploymentPostprocessing = 0;
		};
/* End PBXSourcesBuildPhase section */

/* Begin PBXTargetDependency section */
		E7C9B8F51CEED39000A6A7D7 /* PBXTargetDependency */ = {
			isa = PBXTargetDependency;
			target = E7C9B8DE1CEED38F00A6A7D7 /* AnimateTest */;
			targetProxy = E7C9B8F41CEED39000A6A7D7 /* PBXContainerItemProxy */;
		};
		E7C9B9001CEED39000A6A7D7 /* PBXTargetDependency */ = {
			isa = PBXTargetDependency;
			target = E7C9B8DE1CEED38F00A6A7D7 /* AnimateTest */;
			targetProxy = E7C9B8FF1CEED39000A6A7D7 /* PBXContainerItemProxy */;
		};
/* End PBXTargetDependency section */

/* Begin PBXVariantGroup section */
		E7C9B8E61CEED38F00A6A7D7 /* Main.storyboard */ = {
			isa = PBXVariantGroup;
			children = (
				E7C9B8E71CEED38F00A6A7D7 /* Base */,
			);
			name = Main.storyboard;
			sourceTree = "<group>";
		};
		E7C9B8EB1CEED38F00A6A7D7 /* LaunchScreen.storyboard */ = {
			isa = PBXVariantGroup;
			children = (
				E7C9B8EC1CEED38F00A6A7D7 /* Base */,
			);
			name = LaunchScreen.storyboard;
			sourceTree = "<group>";
		};
/* End PBXVariantGroup section */

/* Begin XCBuildConfiguration section */
		E7C9B9051CEED39000A6A7D7 /* Debug */ = {
			isa = XCBuildConfiguration;
			buildSettings = {
				ALWAYS_SEARCH_USER_PATHS = NO;
				CLANG_ANALYZER_NONNULL = YES;
				CLANG_CXX_LANGUAGE_STANDARD = "gnu++0x";
				CLANG_CXX_LIBRARY = "libc++";
				CLANG_ENABLE_MODULES = YES;
				CLANG_ENABLE_OBJC_ARC = YES;
				CLANG_WARN_BOOL_CONVERSION = YES;
				CLANG_WARN_CONSTANT_CONVERSION = YES;
				CLANG_WARN_DIRECT_OBJC_ISA_USAGE = YES_ERROR;
				CLANG_WARN_EMPTY_BODY = YES;
				CLANG_WARN_ENUM_CONVERSION = YES;
				CLANG_WARN_INT_CONVERSION = YES;
				CLANG_WARN_OBJC_ROOT_CLASS = YES_ERROR;
				CLANG_WARN_UNREACHABLE_CODE = YES;
				CLANG_WARN__DUPLICATE_METHOD_MATCH = YES;
				"CODE_SIGN_IDENTITY[sdk=iphoneos*]" = "iPhone Developer";
				COPY_PHASE_STRIP = NO;
				DEBUG_INFORMATION_FORMAT = dwarf;
				ENABLE_STRICT_OBJC_MSGSEND = YES;
				ENABLE_TESTABILITY = YES;
				GCC_C_LANGUAGE_STANDARD = gnu99;
				GCC_DYNAMIC_NO_PIC = NO;
				GCC_NO_COMMON_BLOCKS = YES;
				GCC_OPTIMIZATION_LEVEL = 0;
				GCC_PREPROCESSOR_DEFINITIONS = (
					"DEBUG=1",
					"$(inherited)",
				);
				GCC_WARN_64_TO_32_BIT_CONVERSION = YES;
				GCC_WARN_ABOUT_RETURN_TYPE = YES_ERROR;
				GCC_WARN_UNDECLARED_SELECTOR = YES;
				GCC_WARN_UNINITIALIZED_AUTOS = YES_AGGRESSIVE;
				GCC_WARN_UNUSED_FUNCTION = YES;
				GCC_WARN_UNUSED_VARIABLE = YES;
				IPHONEOS_DEPLOYMENT_TARGET = 9.3;
				MTL_ENABLE_DEBUG_INFO = YES;
				ONLY_ACTIVE_ARCH = YES;
				SDKROOT = iphoneos;
				SWIFT_OPTIMIZATION_LEVEL = "-Onone";
				TARGETED_DEVICE_FAMILY = "1,2";
			};
			name = Debug;
		};
		E7C9B9061CEED39000A6A7D7 /* Release */ = {
			isa = XCBuildConfiguration;
			buildSettings = {
				ALWAYS_SEARCH_USER_PATHS = NO;
				CLANG_ANALYZER_NONNULL = YES;
				CLANG_CXX_LANGUAGE_STANDARD = "gnu++0x";
				CLANG_CXX_LIBRARY = "libc++";
				CLANG_ENABLE_MODULES = YES;
				CLANG_ENABLE_OBJC_ARC = YES;
				CLANG_WARN_BOOL_CONVERSION = YES;
				CLANG_WARN_CONSTANT_CONVERSION = YES;
				CLANG_WARN_DIRECT_OBJC_ISA_USAGE = YES_ERROR;
				CLANG_WARN_EMPTY_BODY = YES;
				CLANG_WARN_ENUM_CONVERSION = YES;
				CLANG_WARN_INT_CONVERSION = YES;
				CLANG_WARN_OBJC_ROOT_CLASS = YES_ERROR;
				CLANG_WARN_UNREACHABLE_CODE = YES;
				CLANG_WARN__DUPLICATE_METHOD_MATCH = YES;
				"CODE_SIGN_IDENTITY[sdk=iphoneos*]" = "iPhone Developer";
				COPY_PHASE_STRIP = NO;
				DEBUG_INFORMATION_FORMAT = "dwarf-with-dsym";
				ENABLE_NS_ASSERTIONS = NO;
				ENABLE_STRICT_OBJC_MSGSEND = YES;
				GCC_C_LANGUAGE_STANDARD = gnu99;
				GCC_NO_COMMON_BLOCKS = YES;
				GCC_WARN_64_TO_32_BIT_CONVERSION = YES;
				GCC_WARN_ABOUT_RETURN_TYPE = YES_ERROR;
				GCC_WARN_UNDECLARED_SELECTOR = YES;
				GCC_WARN_UNINITIALIZED_AUTOS = YES_AGGRESSIVE;
				GCC_WARN_UNUSED_FUNCTION = YES;
				GCC_WARN_UNUSED_VARIABLE = YES;
				IPHONEOS_DEPLOYMENT_TARGET = 9.3;
				MTL_ENABLE_DEBUG_INFO = NO;
				SDKROOT = iphoneos;
				TARGETED_DEVICE_FAMILY = "1,2";
				VALIDATE_PRODUCT = YES;
			};
			name = Release;
		};
		E7C9B9081CEED39000A6A7D7 /* Debug */ = {
			isa = XCBuildConfiguration;
			buildSettings = {
				ASSETCATALOG_COMPILER_APPICON_NAME = AppIcon;
				INFOPLIST_FILE = AnimateTest/Info.plist;
				LD_RUNPATH_SEARCH_PATHS = "$(inherited) @executable_path/Frameworks";
				PRODUCT_BUNDLE_IDENTIFIER = com.F.AnimateTest;
				PRODUCT_NAME = "$(TARGET_NAME)";
			};
			name = Debug;
		};
		E7C9B9091CEED39000A6A7D7 /* Release */ = {
			isa = XCBuildConfiguration;
			buildSettings = {
				ASSETCATALOG_COMPILER_APPICON_NAME = AppIcon;
				INFOPLIST_FILE = AnimateTest/Info.plist;
				LD_RUNPATH_SEARCH_PATHS = "$(inherited) @executable_path/Frameworks";
				PRODUCT_BUNDLE_IDENTIFIER = com.F.AnimateTest;
				PRODUCT_NAME = "$(TARGET_NAME)";
			};
			name = Release;
		};
		E7C9B90B1CEED39000A6A7D7 /* Debug */ = {
			isa = XCBuildConfiguration;
			buildSettings = {
				BUNDLE_LOADER = "$(TEST_HOST)";
				INFOPLIST_FILE = AnimateTestTests/Info.plist;
				LD_RUNPATH_SEARCH_PATHS = "$(inherited) @executable_path/Frameworks @loader_path/Frameworks";
				PRODUCT_BUNDLE_IDENTIFIER = com.F.AnimateTestTests;
				PRODUCT_NAME = "$(TARGET_NAME)";
				TEST_HOST = "$(BUILT_PRODUCTS_DIR)/AnimateTest.app/AnimateTest";
			};
			name = Debug;
		};
		E7C9B90C1CEED39000A6A7D7 /* Release */ = {
			isa = XCBuildConfiguration;
			buildSettings = {
				BUNDLE_LOADER = "$(TEST_HOST)";
				INFOPLIST_FILE = AnimateTestTests/Info.plist;
				LD_RUNPATH_SEARCH_PATHS = "$(inherited) @executable_path/Frameworks @loader_path/Frameworks";
				PRODUCT_BUNDLE_IDENTIFIER = com.F.AnimateTestTests;
				PRODUCT_NAME = "$(TARGET_NAME)";
				TEST_HOST = "$(BUILT_PRODUCTS_DIR)/AnimateTest.app/AnimateTest";
			};
			name = Release;
		};
		E7C9B90E1CEED39000A6A7D7 /* Debug */ = {
			isa = XCBuildConfiguration;
			buildSettings = {
				INFOPLIST_FILE = AnimateTestUITests/Info.plist;
				LD_RUNPATH_SEARCH_PATHS = "$(inherited) @executable_path/Frameworks @loader_path/Frameworks";
				PRODUCT_BUNDLE_IDENTIFIER = com.F.AnimateTestUITests;
				PRODUCT_NAME = "$(TARGET_NAME)";
				TEST_TARGET_NAME = AnimateTest;
			};
			name = Debug;
		};
		E7C9B90F1CEED39000A6A7D7 /* Release */ = {
			isa = XCBuildConfiguration;
			buildSettings = {
				INFOPLIST_FILE = AnimateTestUITests/Info.plist;
				LD_RUNPATH_SEARCH_PATHS = "$(inherited) @executable_path/Frameworks @loader_path/Frameworks";
				PRODUCT_BUNDLE_IDENTIFIER = com.F.AnimateTestUITests;
				PRODUCT_NAME = "$(TARGET_NAME)";
				TEST_TARGET_NAME = AnimateTest;
			};
			name = Release;
		};
/* End XCBuildConfiguration section */

/* Begin XCConfigurationList section */
		E7C9B8DA1CEED38F00A6A7D7 /* Build configuration list for PBXProject "AnimateTest" */ = {
			isa = XCConfigurationList;
			buildConfigurations = (
				E7C9B9051CEED39000A6A7D7 /* Debug */,
				E7C9B9061CEED39000A6A7D7 /* Release */,
			);
			defaultConfigurationIsVisible = 0;
			defaultConfigurationName = Release;
		};
		E7C9B9071CEED39000A6A7D7 /* Build configuration list for PBXNativeTarget "AnimateTest" */ = {
			isa = XCConfigurationList;
			buildConfigurations = (
				E7C9B9081CEED39000A6A7D7 /* Debug */,
				E7C9B9091CEED39000A6A7D7 /* Release */,
			);
			defaultConfigurationIsVisible = 0;
		};
		E7C9B90A1CEED39000A6A7D7 /* Build configuration list for PBXNativeTarget "AnimateTestTests" */ = {
			isa = XCConfigurationList;
			buildConfigurations = (
				E7C9B90B1CEED39000A6A7D7 /* Debug */,
				E7C9B90C1CEED39000A6A7D7 /* Release */,
			);
			defaultConfigurationIsVisible = 0;
		};
		E7C9B90D1CEED39000A6A7D7 /* Build configuration list for PBXNativeTarget "AnimateTestUITests" */ = {
			isa = XCConfigurationList;
			buildConfigurations = (
				E7C9B90E1CEED39000A6A7D7 /* Debug */,
				E7C9B90F1CEED39000A6A7D7 /* Release */,
			);
			defaultConfigurationIsVisible = 0;
		};
/* End XCConfigurationList section */
	};
	rootObject = E7C9B8D71CEED38F00A6A7D7 /* Project object */;
}
